
Microsoft Visual Studio Solution File, Format Version 12.00
# Visual Studio Version 16
VisualStudioVersion = 16.0.33027.164
MinimumVisualStudioVersion = 10.0.40219.1
Project("{FAE04EC0-301F-11D3-BF4B-00C04F79EFBC}") = "Ejercicio_8", "Ejercicio_8\Ejercicio_8.csproj", "{1124F913-1673-4A7B-827C-B001F0A440CA}"
EndProject
Global
	GlobalSection(SolutionConfigurationPlatforms) = preSolution
		Debug|Any CPU = Debug|Any CPU
		Release|Any CPU = Release|Any CPU
	EndGlobalSection
	GlobalSection(ProjectConfigurationPlatforms) = postSolution
		{1124F913-1673-4A7B-827C-B001F0A440CA}.Debug|Any CPU.ActiveCfg = Debug|Any CPU
		{1124F913-1673-4A7B-827C-B001F0A440CA}.Debug|Any CPU.Build.0 = Debug|Any CPU
		{1124F913-1673-4A7B-827C-B001F0A440CA}.Release|Any CPU.ActiveCfg = Release|Any CPU
		{1124F913-1673-4A7B-827C-B001F0A440CA}.Release|Any CPU.Build.0 = Release|Any CPU
	EndGlobalSection
	GlobalSection(SolutionProperties) = preSolution
		HideSolutionNode = FALSE
	EndGlobalSection
	GlobalSection(ExtensibilityGlobals) = postSolution
		SolutionGuid = {5324B2B5-E2BE-4525-AE37-4F7BECB9771E}
	EndGlobalSection
EndGlobal
